
Microsoft Visual Studio Solution File, Format Version 12.00
# Visual Studio 15
VisualStudioVersion = 15.0.26430.15
MinimumVisualStudioVersion = 10.0.40219.1
Project("{FAE04EC0-301F-11D3-BF4B-00C04F79EFBC}") = "Bonsai.TailTracking", "Bonsai.TailTracking\Bonsai.TailTracking.csproj", "{C4FD2B39-D964-4537-839C-844FBA7AD8BC}"
EndProject
Project("{FAE04EC0-301F-11D3-BF4B-00C04F79EFBC}") = "Bonsai.TailTracking.Design", "Bonsai.TailTracking.Design\Bonsai.TailTracking.Design.csproj", "{AC5D4FC0-D1FE-4AC0-B8C0-E70459B175BF}"
EndProject
Global
	GlobalSection(SolutionConfigurationPlatforms) = preSolution
		Debug|Any CPU = Debug|Any CPU
		Release|Any CPU = Release|Any CPU
	EndGlobalSection
	GlobalSection(ProjectConfigurationPlatforms) = postSolution
		{C4FD2B39-D964-4537-839C-844FBA7AD8BC}.Debug|Any CPU.ActiveCfg = Debug|Any CPU
		{C4FD2B39-D964-4537-839C-844FBA7AD8BC}.Debug|Any CPU.Build.0 = Debug|Any CPU
		{C4FD2B39-D964-4537-839C-844FBA7AD8BC}.Release|Any CPU.ActiveCfg = Release|Any CPU
		{C4FD2B39-D964-4537-839C-844FBA7AD8BC}.Release|Any CPU.Build.0 = Release|Any CPU
		{AC5D4FC0-D1FE-4AC0-B8C0-E70459B175BF}.Debug|Any CPU.ActiveCfg = Debug|Any CPU
		{AC5D4FC0-D1FE-4AC0-B8C0-E70459B175BF}.Debug|Any CPU.Build.0 = Debug|Any CPU
		{AC5D4FC0-D1FE-4AC0-B8C0-E70459B175BF}.Release|Any CPU.ActiveCfg = Release|Any CPU
		{AC5D4FC0-D1FE-4AC0-B8C0-E70459B175BF}.Release|Any CPU.Build.0 = Release|Any CPU
	EndGlobalSection
	GlobalSection(SolutionProperties) = preSolution
		HideSolutionNode = FALSE
	EndGlobalSection
	GlobalSection(ExtensibilityGlobals) = postSolution
		SolutionGuid = {6FAAFD75-D0E7-49EB-8667-21F3359F16C2}
	EndGlobalSection
EndGlobal
